
Microsoft Visual Studio Solution File, Format Version 12.00
# Visual Studio 15
VisualStudioVersion = 15.0.28307.645
MinimumVisualStudioVersion = 10.0.40219.1
Project("{9A19103F-16F7-4668-BE54-9A1E7A4F7556}") = "APIConsumer", "APIConsumer\APIConsumer.csproj", "{007348AF-9DBA-490D-B0B9-60B131BF4014}"
EndProject
Project("{9A19103F-16F7-4668-BE54-9A1E7A4F7556}") = "RealState.Models", "RealState.Models\RealState.Models.csproj", "{52833C01-D714-4824-A8E8-C2270BEC0D02}"
EndProject
Project("{9A19103F-16F7-4668-BE54-9A1E7A4F7556}") = "RealState.Statistics.Web", "RealState.Statistics.Web\RealState.Statistics.Web.csproj", "{C743166C-CE10-4250-9B3F-BA63FAB26180}"
EndProject
Project("{9A19103F-16F7-4668-BE54-9A1E7A4F7556}") = "RealState.ReadStack", "RealState.ReadStack\RealState.ReadStack.csproj", "{04BC567B-3AF1-4233-9809-F64209E3CC58}"
EndProject
Project("{FAE04EC0-301F-11D3-BF4B-00C04F79EFBC}") = "APIConsumer.Test", "APIConsumer.Test\APIConsumer.Test.csproj", "{7398EA6A-157C-4CA3-A773-60D2FA6F7AC7}"
EndProject
Global
	GlobalSection(SolutionConfigurationPlatforms) = preSolution
		Debug|Any CPU = Debug|Any CPU
		Release|Any CPU = Release|Any CPU
	EndGlobalSection
	GlobalSection(ProjectConfigurationPlatforms) = postSolution
		{007348AF-9DBA-490D-B0B9-60B131BF4014}.Debug|Any CPU.ActiveCfg = Debug|Any CPU
		{007348AF-9DBA-490D-B0B9-60B131BF4014}.Debug|Any CPU.Build.0 = Debug|Any CPU
		{007348AF-9DBA-490D-B0B9-60B131BF4014}.Release|Any CPU.ActiveCfg = Release|Any CPU
		{007348AF-9DBA-490D-B0B9-60B131BF4014}.Release|Any CPU.Build.0 = Release|Any CPU
		{52833C01-D714-4824-A8E8-C2270BEC0D02}.Debug|Any CPU.ActiveCfg = Debug|Any CPU
		{52833C01-D714-4824-A8E8-C2270BEC0D02}.Debug|Any CPU.Build.0 = Debug|Any CPU
		{52833C01-D714-4824-A8E8-C2270BEC0D02}.Release|Any CPU.ActiveCfg = Release|Any CPU
		{52833C01-D714-4824-A8E8-C2270BEC0D02}.Release|Any CPU.Build.0 = Release|Any CPU
		{C743166C-CE10-4250-9B3F-BA63FAB26180}.Debug|Any CPU.ActiveCfg = Debug|Any CPU
		{C743166C-CE10-4250-9B3F-BA63FAB26180}.Debug|Any CPU.Build.0 = Debug|Any CPU
		{C743166C-CE10-4250-9B3F-BA63FAB26180}.Release|Any CPU.ActiveCfg = Release|Any CPU
		{C743166C-CE10-4250-9B3F-BA63FAB26180}.Release|Any CPU.Build.0 = Release|Any CPU
		{04BC567B-3AF1-4233-9809-F64209E3CC58}.Debug|Any CPU.ActiveCfg = Debug|Any CPU
		{04BC567B-3AF1-4233-9809-F64209E3CC58}.Debug|Any CPU.Build.0 = Debug|Any CPU
		{04BC567B-3AF1-4233-9809-F64209E3CC58}.Release|Any CPU.ActiveCfg = Release|Any CPU
		{04BC567B-3AF1-4233-9809-F64209E3CC58}.Release|Any CPU.Build.0 = Release|Any CPU
		{7398EA6A-157C-4CA3-A773-60D2FA6F7AC7}.Debug|Any CPU.ActiveCfg = Debug|Any CPU
		{7398EA6A-157C-4CA3-A773-60D2FA6F7AC7}.Debug|Any CPU.Build.0 = Debug|Any CPU
		{7398EA6A-157C-4CA3-A773-60D2FA6F7AC7}.Release|Any CPU.ActiveCfg = Release|Any CPU
		{7398EA6A-157C-4CA3-A773-60D2FA6F7AC7}.Release|Any CPU.Build.0 = Release|Any CPU
	EndGlobalSection
	GlobalSection(SolutionProperties) = preSolution
		HideSolutionNode = FALSE
	EndGlobalSection
	GlobalSection(ExtensibilityGlobals) = postSolution
		SolutionGuid = {2B697DDA-FB66-4E99-9CBD-3317EE320748}
	EndGlobalSection
EndGlobal
